# This file was autogenerated by Stack.
# You should not edit this file by hand.
# For more information, please see the documentation at:
#   https://docs.haskellstack.org/en/stable/lock_files

packages:
- completed:
    commit: 27ca137bc184828a1177c513083d874261b95726
    git: https://github.com/runeksvendsen/orderbook.git
    name: orderbook
    pantry-tree:
      sha256: 73b75cec3e37f14a1ebaeaa79d31056ddab26cf0b3403ff193748cba25c2caaf
      size: 1360
    version: 0.1.0.0
  original:
    commit: 27ca137bc184828a1177c513083d874261b95726
    git: https://github.com/runeksvendsen/orderbook.git
- completed:
    commit: ec5f23206ada19afe165bf6d9062217fa60dce27
    git: https://github.com/runeksvendsen/crypto-venues.git
    name: crypto-venues
    pantry-tree:
      sha256: 19fd757d6addabf5e24409441a21d048aa740e6f51736fec84724d4b3ddba88e
      size: 3107
    version: 1.0.0.0
  original:
    commit: ec5f23206ada19afe165bf6d9062217fa60dce27
    git: https://github.com/runeksvendsen/crypto-venues.git
- completed:
    commit: ac152dece625b56d802596f659f0251c0494e0f2
    git: https://github.com/runeksvendsen/crypto-orderbook-db.git
    name: crypto-orderbook-db
    pantry-tree:
      sha256: a6e36446067a8f989b4ccfcd2d72f673fad9151a458148a34e7697775735f7b8
      size: 1665
    version: 0.1.0.0
  original:
    commit: ac152dece625b56d802596f659f0251c0494e0f2
    git: https://github.com/runeksvendsen/crypto-orderbook-db.git
- completed:
    hackage: beam-core-0.9.1.0@sha256:b0c6578ab67f71a87d12644d4973b4376384fe9a6db0c8d3352f9ae741b67eea,5297
    pantry-tree:
      sha256: 9cd7fc2804894168195b65630d3c6696ff782f059d4d79543d3e81f95ce827ad
      size: 2704
  original:
    hackage: beam-core-0.9.1.0@sha256:b0c6578ab67f71a87d12644d4973b4376384fe9a6db0c8d3352f9ae741b67eea,5297
- completed:
    hackage: beam-migrate-0.5.1.0@sha256:55d5fae17584c14b654d19d9de01f0a65e6c229561ce4fd12de92eba98b39105,4923
    pantry-tree:
      sha256: 0c8da13ee23820cbb14e3dd2794a0e086a08c830e7b28f3336d031c93eb14842
      size: 1721
  original:
    hackage: beam-migrate-0.5.1.0@sha256:55d5fae17584c14b654d19d9de01f0a65e6c229561ce4fd12de92eba98b39105,4923
- completed:
    hackage: beam-postgres-0.5.1.0@sha256:d72f287c966819f9a692c82c79a08b08483c27a32a2671a9c7b2ec4b0b73e473,4392
    pantry-tree:
      sha256: 04c64da8eda1dd67145d82cd1d10395bd99d04e7aa9767d509929ebf7d9a336a
      size: 1692
  original:
    hackage: beam-postgres-0.5.1.0@sha256:d72f287c966819f9a692c82c79a08b08483c27a32a2671a9c7b2ec4b0b73e473,4392
- completed:
    hackage: postgresql-transactional-1.1.1@sha256:07d38a5322ee278abdc01bbb7068196718bf4d0d77b08e1d8af4ac19e01e2883,1196
    pantry-tree:
      sha256: 3b379382ada345cbd74638401c0f4bfe41a9723d9cf5bb44f246784be0df5748
      size: 247
  original:
    hackage: postgresql-transactional-1.1.1@sha256:07d38a5322ee278abdc01bbb7068196718bf4d0d77b08e1d8af4ac19e01e2883,1196
- completed:
    hackage: dlist-0.8.0.8@sha256:90ca348bffdc62d7070bcf0e97c728f8d01b24fbc7ea08d2909157d0da76534c,2066
    pantry-tree:
      sha256: 1b5b9142a932f15c77f758f92f90bea6c805c42d4c62f7a697e8e4f6cf1ad6e6
      size: 426
  original:
    hackage: dlist-0.8.0.8@sha256:90ca348bffdc62d7070bcf0e97c728f8d01b24fbc7ea08d2909157d0da76534c,2066
snapshots:
- completed:
    sha256: 428ec8d5ce932190d3cbe266b9eb3c175cd81e984babf876b64019e2cbe4ea68
    size: 590100
    url: https://raw.githubusercontent.com/commercialhaskell/stackage-snapshots/master/lts/18/28.yaml
  original: lts-18.28
